
Microsoft Visual Studio Solution File, Format Version 12.00
Project("{FAE04EC0-301F-11D3-BF4B-00C04F79EFBC}") = "DsDiscEditor", "DsDiscEditor.csproj", "{EC502988-3C4B-4F6B-9364-47C5B144BE4C}"
EndProject
Global
	GlobalSection(SolutionConfigurationPlatforms) = preSolution
		Debug|Any CPU = Debug|Any CPU
		Release|Any CPU = Release|Any CPU
	EndGlobalSection
	GlobalSection(ProjectConfigurationPlatforms) = postSolution
		{EC502988-3C4B-4F6B-9364-47C5B144BE4C}.Debug|Any CPU.ActiveCfg = Debug|Any CPU
		{EC502988-3C4B-4F6B-9364-47C5B144BE4C}.Debug|Any CPU.Build.0 = Debug|Any CPU
		{EC502988-3C4B-4F6B-9364-47C5B144BE4C}.Release|Any CPU.ActiveCfg = Release|Any CPU
		{EC502988-3C4B-4F6B-9364-47C5B144BE4C}.Release|Any CPU.Build.0 = Release|Any CPU
	EndGlobalSection
EndGlobal
